
Microsoft Visual Studio Solution File, Format Version 12.00
# Visual Studio Version 17
VisualStudioVersion = 17.3.32819.101
MinimumVisualStudioVersion = 10.0.40219.1
Project("{FAE04EC0-301F-11D3-BF4B-00C04F79EFBC}") = "JsonMappingSample", "JsonMappingSample\JsonMappingSample.csproj", "{0F140280-AC69-4ACD-A45F-7D18AEB4370A}"
EndProject
Global
	GlobalSection(SolutionConfigurationPlatforms) = preSolution
		Debug|Any CPU = Debug|Any CPU
		Release|Any CPU = Release|Any CPU
	EndGlobalSection
	GlobalSection(ProjectConfigurationPlatforms) = postSolution
		{0F140280-AC69-4ACD-A45F-7D18AEB4370A}.Debug|Any CPU.ActiveCfg = Debug|Any CPU
		{0F140280-AC69-4ACD-A45F-7D18AEB4370A}.Debug|Any CPU.Build.0 = Debug|Any CPU
		{0F140280-AC69-4ACD-A45F-7D18AEB4370A}.Release|Any CPU.ActiveCfg = Release|Any CPU
		{0F140280-AC69-4ACD-A45F-7D18AEB4370A}.Release|Any CPU.Build.0 = Release|Any CPU
	EndGlobalSection
	GlobalSection(SolutionProperties) = preSolution
		HideSolutionNode = FALSE
	EndGlobalSection
	GlobalSection(ExtensibilityGlobals) = postSolution
		SolutionGuid = {D8B1DCC6-33B9-4353-BD70-73A09EDE0489}
	EndGlobalSection
EndGlobal
